
Microsoft Visual Studio Solution File, Format Version 12.00
# Visual Studio Version 16
VisualStudioVersion = 16.0.33529.622
MinimumVisualStudioVersion = 10.0.40219.1
Project("{FAE04EC0-301F-11D3-BF4B-00C04F79EFBC}") = "Shape", "Shape.csproj", "{C973009F-C98F-4C75-AC91-946D94E13814}"
EndProject
Global
	GlobalSection(SolutionConfigurationPlatforms) = preSolution
		Debug|Any CPU = Debug|Any CPU
		Release|Any CPU = Release|Any CPU
	EndGlobalSection
	GlobalSection(ProjectConfigurationPlatforms) = postSolution
		{C973009F-C98F-4C75-AC91-946D94E13814}.Debug|Any CPU.ActiveCfg = Debug|Any CPU
		{C973009F-C98F-4C75-AC91-946D94E13814}.Debug|Any CPU.Build.0 = Debug|Any CPU
		{C973009F-C98F-4C75-AC91-946D94E13814}.Release|Any CPU.ActiveCfg = Release|Any CPU
		{C973009F-C98F-4C75-AC91-946D94E13814}.Release|Any CPU.Build.0 = Release|Any CPU
	EndGlobalSection
	GlobalSection(SolutionProperties) = preSolution
		HideSolutionNode = FALSE
	EndGlobalSection
	GlobalSection(ExtensibilityGlobals) = postSolution
		SolutionGuid = {386FA4A5-CC63-4DC8-8B02-43ADC59EA1BC}
	EndGlobalSection
EndGlobal
